{
  "object": {
    "pins": [
      {
        "package": "StatusBarColorKit",
        "repositoryURL": "https://github.com/fire-at-will/StatusBarColorKit",
        "state": {
          "branch": "master",
          "revision": "531c7de492dafd3b0b094d0ba69973ea69043b9d",
          "version": null
        }
      }
    ]
  },
  "version": 1
}
